
Microsoft Visual Studio Solution File, Format Version 12.00
# Visual Studio 14
VisualStudioVersion = 14.0.25420.1
MinimumVisualStudioVersion = 10.0.40219.1
Project("{FAE04EC0-301F-11D3-BF4B-00C04F79EFBC}") = "T1", "T1\T1.csproj", "{421C0469-EC19-48BC-97C8-56CE66C49BA1}"
EndProject
Project("{FAE04EC0-301F-11D3-BF4B-00C04F79EFBC}") = "T2", "T2\T2.csproj", "{AA5CAA8B-094B-4814-8FD8-BE820CCC9BCF}"
EndProject
Project("{FAE04EC0-301F-11D3-BF4B-00C04F79EFBC}") = "T3", "T3\T3.csproj", "{A0CDA733-393D-4950-9BE4-FE5C4D34314A}"
EndProject
Project("{FAE04EC0-301F-11D3-BF4B-00C04F79EFBC}") = "T4", "T4\T4.csproj", "{443F3029-3CA8-454D-98BA-D77680F1D361}"
EndProject
Project("{FAE04EC0-301F-11D3-BF4B-00C04F79EFBC}") = "T5", "T5\T5.csproj", "{557CF909-5583-4206-85DC-D37562E0EF2E}"
EndProject
Project("{FAE04EC0-301F-11D3-BF4B-00C04F79EFBC}") = "T6", "T6\T6.csproj", "{9A32AFD9-3084-46CB-87FE-657D8958996F}"
EndProject
Project("{FAE04EC0-301F-11D3-BF4B-00C04F79EFBC}") = "T7", "T7\T7.csproj", "{E1D8EEB7-7EAB-41D8-A4B0-A9A2CADDCE7B}"
EndProject
Project("{FAE04EC0-301F-11D3-BF4B-00C04F79EFBC}") = "T8", "T8\T8.csproj", "{C2E05A1B-9194-4237-AFF3-331165089EA1}"
EndProject
Project("{FAE04EC0-301F-11D3-BF4B-00C04F79EFBC}") = "T9", "T9\T9.csproj", "{BA54E916-6AF3-472F-B94B-4443412CCB80}"
EndProject
Project("{FAE04EC0-301F-11D3-BF4B-00C04F79EFBC}") = "Te10", "Te10\Te10.csproj", "{659AC94E-D911-4253-80F8-351EF4CD300D}"
EndProject
Project("{FAE04EC0-301F-11D3-BF4B-00C04F79EFBC}") = "Lotto", "Lotto\Lotto.csproj", "{7D1D6F55-5B27-402A-A6FA-7E102DF46E2F}"
EndProject
Project("{FAE04EC0-301F-11D3-BF4B-00C04F79EFBC}") = "Te11", "Te11\Te11.csproj", "{E2FBE7C1-C99A-4D37-873B-5843CE606EFB}"
EndProject
Project("{FAE04EC0-301F-11D3-BF4B-00C04F79EFBC}") = "Te12", "Te12\Te12.csproj", "{64615D9E-31B3-41DF-B04E-0656AE1B945B}"
EndProject
Global
	GlobalSection(SolutionConfigurationPlatforms) = preSolution
		Debug|Any CPU = Debug|Any CPU
		Release|Any CPU = Release|Any CPU
	EndGlobalSection
	GlobalSection(ProjectConfigurationPlatforms) = postSolution
		{421C0469-EC19-48BC-97C8-56CE66C49BA1}.Debug|Any CPU.ActiveCfg = Debug|Any CPU
		{421C0469-EC19-48BC-97C8-56CE66C49BA1}.Debug|Any CPU.Build.0 = Debug|Any CPU
		{421C0469-EC19-48BC-97C8-56CE66C49BA1}.Release|Any CPU.ActiveCfg = Release|Any CPU
		{421C0469-EC19-48BC-97C8-56CE66C49BA1}.Release|Any CPU.Build.0 = Release|Any CPU
		{AA5CAA8B-094B-4814-8FD8-BE820CCC9BCF}.Debug|Any CPU.ActiveCfg = Debug|Any CPU
		{AA5CAA8B-094B-4814-8FD8-BE820CCC9BCF}.Debug|Any CPU.Build.0 = Debug|Any CPU
		{AA5CAA8B-094B-4814-8FD8-BE820CCC9BCF}.Release|Any CPU.ActiveCfg = Release|Any CPU
		{AA5CAA8B-094B-4814-8FD8-BE820CCC9BCF}.Release|Any CPU.Build.0 = Release|Any CPU
		{A0CDA733-393D-4950-9BE4-FE5C4D34314A}.Debug|Any CPU.ActiveCfg = Debug|Any CPU
		{A0CDA733-393D-4950-9BE4-FE5C4D34314A}.Debug|Any CPU.Build.0 = Debug|Any CPU
		{A0CDA733-393D-4950-9BE4-FE5C4D34314A}.Release|Any CPU.ActiveCfg = Release|Any CPU
		{A0CDA733-393D-4950-9BE4-FE5C4D34314A}.Release|Any CPU.Build.0 = Release|Any CPU
		{443F3029-3CA8-454D-98BA-D77680F1D361}.Debug|Any CPU.ActiveCfg = Debug|Any CPU
		{443F3029-3CA8-454D-98BA-D77680F1D361}.Debug|Any CPU.Build.0 = Debug|Any CPU
		{443F3029-3CA8-454D-98BA-D77680F1D361}.Release|Any CPU.ActiveCfg = Release|Any CPU
		{443F3029-3CA8-454D-98BA-D77680F1D361}.Release|Any CPU.Build.0 = Release|Any CPU
		{557CF909-5583-4206-85DC-D37562E0EF2E}.Debug|Any CPU.ActiveCfg = Debug|Any CPU
		{557CF909-5583-4206-85DC-D37562E0EF2E}.Debug|Any CPU.Build.0 = Debug|Any CPU
		{557CF909-5583-4206-85DC-D37562E0EF2E}.Release|Any CPU.ActiveCfg = Release|Any CPU
		{557CF909-5583-4206-85DC-D37562E0EF2E}.Release|Any CPU.Build.0 = Release|Any CPU
		{9A32AFD9-3084-46CB-87FE-657D8958996F}.Debug|Any CPU.ActiveCfg = Debug|Any CPU
		{9A32AFD9-3084-46CB-87FE-657D8958996F}.Debug|Any CPU.Build.0 = Debug|Any CPU
		{9A32AFD9-3084-46CB-87FE-657D8958996F}.Release|Any CPU.ActiveCfg = Release|Any CPU
		{9A32AFD9-3084-46CB-87FE-657D8958996F}.Release|Any CPU.Build.0 = Release|Any CPU
		{E1D8EEB7-7EAB-41D8-A4B0-A9A2CADDCE7B}.Debug|Any CPU.ActiveCfg = Debug|Any CPU
		{E1D8EEB7-7EAB-41D8-A4B0-A9A2CADDCE7B}.Debug|Any CPU.Build.0 = Debug|Any CPU
		{E1D8EEB7-7EAB-41D8-A4B0-A9A2CADDCE7B}.Release|Any CPU.ActiveCfg = Release|Any CPU
		{E1D8EEB7-7EAB-41D8-A4B0-A9A2CADDCE7B}.Release|Any CPU.Build.0 = Release|Any CPU
		{C2E05A1B-9194-4237-AFF3-331165089EA1}.Debug|Any CPU.ActiveCfg = Debug|Any CPU
		{C2E05A1B-9194-4237-AFF3-331165089EA1}.Debug|Any CPU.Build.0 = Debug|Any CPU
		{C2E05A1B-9194-4237-AFF3-331165089EA1}.Release|Any CPU.ActiveCfg = Release|Any CPU
		{C2E05A1B-9194-4237-AFF3-331165089EA1}.Release|Any CPU.Build.0 = Release|Any CPU
		{BA54E916-6AF3-472F-B94B-4443412CCB80}.Debug|Any CPU.ActiveCfg = Debug|Any CPU
		{BA54E916-6AF3-472F-B94B-4443412CCB80}.Debug|Any CPU.Build.0 = Debug|Any CPU
		{BA54E916-6AF3-472F-B94B-4443412CCB80}.Release|Any CPU.ActiveCfg = Release|Any CPU
		{BA54E916-6AF3-472F-B94B-4443412CCB80}.Release|Any CPU.Build.0 = Release|Any CPU
		{659AC94E-D911-4253-80F8-351EF4CD300D}.Debug|Any CPU.ActiveCfg = Debug|Any CPU
		{659AC94E-D911-4253-80F8-351EF4CD300D}.Debug|Any CPU.Build.0 = Debug|Any CPU
		{659AC94E-D911-4253-80F8-351EF4CD300D}.Release|Any CPU.ActiveCfg = Release|Any CPU
		{659AC94E-D911-4253-80F8-351EF4CD300D}.Release|Any CPU.Build.0 = Release|Any CPU
		{7D1D6F55-5B27-402A-A6FA-7E102DF46E2F}.Debug|Any CPU.ActiveCfg = Debug|Any CPU
		{7D1D6F55-5B27-402A-A6FA-7E102DF46E2F}.Debug|Any CPU.Build.0 = Debug|Any CPU
		{7D1D6F55-5B27-402A-A6FA-7E102DF46E2F}.Release|Any CPU.ActiveCfg = Release|Any CPU
		{7D1D6F55-5B27-402A-A6FA-7E102DF46E2F}.Release|Any CPU.Build.0 = Release|Any CPU
		{E2FBE7C1-C99A-4D37-873B-5843CE606EFB}.Debug|Any CPU.ActiveCfg = Debug|Any CPU
		{E2FBE7C1-C99A-4D37-873B-5843CE606EFB}.Debug|Any CPU.Build.0 = Debug|Any CPU
		{E2FBE7C1-C99A-4D37-873B-5843CE606EFB}.Release|Any CPU.ActiveCfg = Release|Any CPU
		{E2FBE7C1-C99A-4D37-873B-5843CE606EFB}.Release|Any CPU.Build.0 = Release|Any CPU
		{64615D9E-31B3-41DF-B04E-0656AE1B945B}.Debug|Any CPU.ActiveCfg = Debug|Any CPU
		{64615D9E-31B3-41DF-B04E-0656AE1B945B}.Debug|Any CPU.Build.0 = Debug|Any CPU
		{64615D9E-31B3-41DF-B04E-0656AE1B945B}.Release|Any CPU.ActiveCfg = Release|Any CPU
		{64615D9E-31B3-41DF-B04E-0656AE1B945B}.Release|Any CPU.Build.0 = Release|Any CPU
	EndGlobalSection
	GlobalSection(SolutionProperties) = preSolution
		HideSolutionNode = FALSE
	EndGlobalSection
EndGlobal
